
Microsoft Visual Studio Solution File, Format Version 12.00
# Visual Studio Version 17
VisualStudioVersion = 17.0.31903.59
MinimumVisualStudioVersion = 10.0.40219.1
Project("{FAE04EC0-301F-11D3-BF4B-00C04F79EFBC}") = "Mobile", "Mobile\Mobile.csproj", "{5694CC33-6164-456E-95CB-C26DA1EE6D34}"
EndProject
Project("{FAE04EC0-301F-11D3-BF4B-00C04F79EFBC}") = "MobileLanguages", "MobileLanguages\MobileLanguages.csproj", "{FAA9949E-A117-45B5-A2BE-92FA79937FEA}"
EndProject
Project("{FAE04EC0-301F-11D3-BF4B-00C04F79EFBC}") = "Common", "Common\Common.csproj", "{F25C3039-2073-462C-A59F-43889021BC9B}"
EndProject
Project("{FAE04EC0-301F-11D3-BF4B-00C04F79EFBC}") = "WebsiteAdmin", "WebsiteAdmin\WebsiteAdmin.csproj", "{DC69D3BC-BE85-4EC3-A76F-4728B7809B4F}"
EndProject
Project("{FAE04EC0-301F-11D3-BF4B-00C04F79EFBC}") = "WebsiteCustomer", "WebsiteCustomer\WebsiteCustomer.csproj", "{C31084BF-634A-4326-9924-2215B7E4B7A7}"
EndProject
Project("{FAE04EC0-301F-11D3-BF4B-00C04F79EFBC}") = "ApiMobile", "ApiMobile\ApiMobile.csproj", "{AD5CF47B-2955-43F1-AA2E-B3D623BF0003}"
EndProject
Project("{2150E333-8FDC-42A3-9474-1A3956D46DE8}") = "Projektmappenelemente", "Projektmappenelemente", "{84D27F74-D2BA-6C25-2661-968F101900D9}"
	ProjectSection(SolutionItems) = preProject
		.claude\CLAUDE.md = .claude\CLAUDE.md
		.claude\clean.ps1 = .claude\clean.ps1
		.claude\settings.local.json = .claude\settings.local.json
		.claude\start.md = .claude\start.md
	EndProjectSection
EndProject
Global
	GlobalSection(SolutionConfigurationPlatforms) = preSolution
		Debug|Any CPU = Debug|Any CPU
		Debug|x64 = Debug|x64
		Debug|x86 = Debug|x86
		Release|Any CPU = Release|Any CPU
		Release|x64 = Release|x64
		Release|x86 = Release|x86
	EndGlobalSection
	GlobalSection(ProjectConfigurationPlatforms) = postSolution
		{5694CC33-6164-456E-95CB-C26DA1EE6D34}.Debug|Any CPU.ActiveCfg = Debug|Any CPU
		{5694CC33-6164-456E-95CB-C26DA1EE6D34}.Debug|Any CPU.Build.0 = Debug|Any CPU
		{5694CC33-6164-456E-95CB-C26DA1EE6D34}.Debug|Any CPU.Deploy.0 = Debug|Any CPU
		{5694CC33-6164-456E-95CB-C26DA1EE6D34}.Debug|x64.ActiveCfg = Debug|Any CPU
		{5694CC33-6164-456E-95CB-C26DA1EE6D34}.Debug|x64.Build.0 = Debug|Any CPU
		{5694CC33-6164-456E-95CB-C26DA1EE6D34}.Debug|x86.ActiveCfg = Debug|Any CPU
		{5694CC33-6164-456E-95CB-C26DA1EE6D34}.Debug|x86.Build.0 = Debug|Any CPU
		{5694CC33-6164-456E-95CB-C26DA1EE6D34}.Release|Any CPU.ActiveCfg = Release|Any CPU
		{5694CC33-6164-456E-95CB-C26DA1EE6D34}.Release|Any CPU.Build.0 = Release|Any CPU
		{5694CC33-6164-456E-95CB-C26DA1EE6D34}.Release|x64.ActiveCfg = Release|Any CPU
		{5694CC33-6164-456E-95CB-C26DA1EE6D34}.Release|x64.Build.0 = Release|Any CPU
		{5694CC33-6164-456E-95CB-C26DA1EE6D34}.Release|x86.ActiveCfg = Release|Any CPU
		{5694CC33-6164-456E-95CB-C26DA1EE6D34}.Release|x86.Build.0 = Release|Any CPU
		{FAA9949E-A117-45B5-A2BE-92FA79937FEA}.Debug|Any CPU.ActiveCfg = Debug|Any CPU
		{FAA9949E-A117-45B5-A2BE-92FA79937FEA}.Debug|Any CPU.Build.0 = Debug|Any CPU
		{FAA9949E-A117-45B5-A2BE-92FA79937FEA}.Debug|x64.ActiveCfg = Debug|Any CPU
		{FAA9949E-A117-45B5-A2BE-92FA79937FEA}.Debug|x64.Build.0 = Debug|Any CPU
		{FAA9949E-A117-45B5-A2BE-92FA79937FEA}.Debug|x86.ActiveCfg = Debug|Any CPU
		{FAA9949E-A117-45B5-A2BE-92FA79937FEA}.Debug|x86.Build.0 = Debug|Any CPU
		{FAA9949E-A117-45B5-A2BE-92FA79937FEA}.Release|Any CPU.ActiveCfg = Release|Any CPU
		{FAA9949E-A117-45B5-A2BE-92FA79937FEA}.Release|Any CPU.Build.0 = Release|Any CPU
		{FAA9949E-A117-45B5-A2BE-92FA79937FEA}.Release|x64.ActiveCfg = Release|Any CPU
		{FAA9949E-A117-45B5-A2BE-92FA79937FEA}.Release|x64.Build.0 = Release|Any CPU
		{FAA9949E-A117-45B5-A2BE-92FA79937FEA}.Release|x86.ActiveCfg = Release|Any CPU
		{FAA9949E-A117-45B5-A2BE-92FA79937FEA}.Release|x86.Build.0 = Release|Any CPU
		{F25C3039-2073-462C-A59F-43889021BC9B}.Debug|Any CPU.ActiveCfg = Debug|Any CPU
		{F25C3039-2073-462C-A59F-43889021BC9B}.Debug|Any CPU.Build.0 = Debug|Any CPU
		{F25C3039-2073-462C-A59F-43889021BC9B}.Debug|x64.ActiveCfg = Debug|Any CPU
		{F25C3039-2073-462C-A59F-43889021BC9B}.Debug|x64.Build.0 = Debug|Any CPU
		{F25C3039-2073-462C-A59F-43889021BC9B}.Debug|x86.ActiveCfg = Debug|Any CPU
		{F25C3039-2073-462C-A59F-43889021BC9B}.Debug|x86.Build.0 = Debug|Any CPU
		{F25C3039-2073-462C-A59F-43889021BC9B}.Release|Any CPU.ActiveCfg = Release|Any CPU
		{F25C3039-2073-462C-A59F-43889021BC9B}.Release|Any CPU.Build.0 = Release|Any CPU
		{F25C3039-2073-462C-A59F-43889021BC9B}.Release|x64.ActiveCfg = Release|Any CPU
		{F25C3039-2073-462C-A59F-43889021BC9B}.Release|x64.Build.0 = Release|Any CPU
		{F25C3039-2073-462C-A59F-43889021BC9B}.Release|x86.ActiveCfg = Release|Any CPU
		{F25C3039-2073-462C-A59F-43889021BC9B}.Release|x86.Build.0 = Release|Any CPU
		{DC69D3BC-BE85-4EC3-A76F-4728B7809B4F}.Debug|Any CPU.ActiveCfg = Debug|Any CPU
		{DC69D3BC-BE85-4EC3-A76F-4728B7809B4F}.Debug|Any CPU.Build.0 = Debug|Any CPU
		{DC69D3BC-BE85-4EC3-A76F-4728B7809B4F}.Debug|x64.ActiveCfg = Debug|Any CPU
		{DC69D3BC-BE85-4EC3-A76F-4728B7809B4F}.Debug|x64.Build.0 = Debug|Any CPU
		{DC69D3BC-BE85-4EC3-A76F-4728B7809B4F}.Debug|x86.ActiveCfg = Debug|Any CPU
		{DC69D3BC-BE85-4EC3-A76F-4728B7809B4F}.Debug|x86.Build.0 = Debug|Any CPU
		{DC69D3BC-BE85-4EC3-A76F-4728B7809B4F}.Release|Any CPU.ActiveCfg = Release|Any CPU
		{DC69D3BC-BE85-4EC3-A76F-4728B7809B4F}.Release|Any CPU.Build.0 = Release|Any CPU
		{DC69D3BC-BE85-4EC3-A76F-4728B7809B4F}.Release|x64.ActiveCfg = Release|Any CPU
		{DC69D3BC-BE85-4EC3-A76F-4728B7809B4F}.Release|x64.Build.0 = Release|Any CPU
		{DC69D3BC-BE85-4EC3-A76F-4728B7809B4F}.Release|x86.ActiveCfg = Release|Any CPU
		{DC69D3BC-BE85-4EC3-A76F-4728B7809B4F}.Release|x86.Build.0 = Release|Any CPU
		{C31084BF-634A-4326-9924-2215B7E4B7A7}.Debug|Any CPU.ActiveCfg = Debug|Any CPU
		{C31084BF-634A-4326-9924-2215B7E4B7A7}.Debug|Any CPU.Build.0 = Debug|Any CPU
		{C31084BF-634A-4326-9924-2215B7E4B7A7}.Debug|x64.ActiveCfg = Debug|Any CPU
		{C31084BF-634A-4326-9924-2215B7E4B7A7}.Debug|x64.Build.0 = Debug|Any CPU
		{C31084BF-634A-4326-9924-2215B7E4B7A7}.Debug|x86.ActiveCfg = Debug|Any CPU
		{C31084BF-634A-4326-9924-2215B7E4B7A7}.Debug|x86.Build.0 = Debug|Any CPU
		{C31084BF-634A-4326-9924-2215B7E4B7A7}.Release|Any CPU.ActiveCfg = Release|Any CPU
		{C31084BF-634A-4326-9924-2215B7E4B7A7}.Release|Any CPU.Build.0 = Release|Any CPU
		{C31084BF-634A-4326-9924-2215B7E4B7A7}.Release|x64.ActiveCfg = Release|Any CPU
		{C31084BF-634A-4326-9924-2215B7E4B7A7}.Release|x64.Build.0 = Release|Any CPU
		{C31084BF-634A-4326-9924-2215B7E4B7A7}.Release|x86.ActiveCfg = Release|Any CPU
		{C31084BF-634A-4326-9924-2215B7E4B7A7}.Release|x86.Build.0 = Release|Any CPU
		{AD5CF47B-2955-43F1-AA2E-B3D623BF0003}.Debug|Any CPU.ActiveCfg = Debug|Any CPU
		{AD5CF47B-2955-43F1-AA2E-B3D623BF0003}.Debug|Any CPU.Build.0 = Debug|Any CPU
		{AD5CF47B-2955-43F1-AA2E-B3D623BF0003}.Debug|x64.ActiveCfg = Debug|Any CPU
		{AD5CF47B-2955-43F1-AA2E-B3D623BF0003}.Debug|x64.Build.0 = Debug|Any CPU
		{AD5CF47B-2955-43F1-AA2E-B3D623BF0003}.Debug|x86.ActiveCfg = Debug|Any CPU
		{AD5CF47B-2955-43F1-AA2E-B3D623BF0003}.Debug|x86.Build.0 = Debug|Any CPU
		{AD5CF47B-2955-43F1-AA2E-B3D623BF0003}.Release|Any CPU.ActiveCfg = Release|Any CPU
		{AD5CF47B-2955-43F1-AA2E-B3D623BF0003}.Release|Any CPU.Build.0 = Release|Any CPU
		{AD5CF47B-2955-43F1-AA2E-B3D623BF0003}.Release|x64.ActiveCfg = Release|Any CPU
		{AD5CF47B-2955-43F1-AA2E-B3D623BF0003}.Release|x64.Build.0 = Release|Any CPU
		{AD5CF47B-2955-43F1-AA2E-B3D623BF0003}.Release|x86.ActiveCfg = Release|Any CPU
		{AD5CF47B-2955-43F1-AA2E-B3D623BF0003}.Release|x86.Build.0 = Release|Any CPU
	EndGlobalSection
	GlobalSection(SolutionProperties) = preSolution
		HideSolutionNode = FALSE
	EndGlobalSection
EndGlobal
