
Microsoft Visual Studio Solution File, Format Version 12.00
# Visual Studio Version 17
VisualStudioVersion = 17.0.31903.59
MinimumVisualStudioVersion = 10.0.40219.1
Project("{FAE04EC0-301F-11D3-BF4B-00C04F79EFBC}") = "Mobile", "Mobile\Mobile.csproj", "{5694CC33-6164-456E-95CB-C26DA1EE6D34}"
EndProject
Project("{FAE04EC0-301F-11D3-BF4B-00C04F79EFBC}") = "MobileLanguages", "MobileLanguages\MobileLanguages.csproj", "{FAA9949E-A117-45B5-A2BE-92FA79937FEA}"
EndProject
Global
	GlobalSection(SolutionConfigurationPlatforms) = preSolution
		Debug|Any CPU = Debug|Any CPU
		Debug|x64 = Debug|x64
		Debug|x86 = Debug|x86
		Release|Any CPU = Release|Any CPU
		Release|x64 = Release|x64
		Release|x86 = Release|x86
	EndGlobalSection
	GlobalSection(ProjectConfigurationPlatforms) = postSolution
		{5694CC33-6164-456E-95CB-C26DA1EE6D34}.Debug|Any CPU.ActiveCfg = Debug|Any CPU
		{5694CC33-6164-456E-95CB-C26DA1EE6D34}.Debug|Any CPU.Build.0 = Debug|Any CPU
		{5694CC33-6164-456E-95CB-C26DA1EE6D34}.Debug|x64.ActiveCfg = Debug|Any CPU
		{5694CC33-6164-456E-95CB-C26DA1EE6D34}.Debug|x64.Build.0 = Debug|Any CPU
		{5694CC33-6164-456E-95CB-C26DA1EE6D34}.Debug|x86.ActiveCfg = Debug|Any CPU
		{5694CC33-6164-456E-95CB-C26DA1EE6D34}.Debug|x86.Build.0 = Debug|Any CPU
		{5694CC33-6164-456E-95CB-C26DA1EE6D34}.Release|Any CPU.ActiveCfg = Release|Any CPU
		{5694CC33-6164-456E-95CB-C26DA1EE6D34}.Release|Any CPU.Build.0 = Release|Any CPU
		{5694CC33-6164-456E-95CB-C26DA1EE6D34}.Release|x64.ActiveCfg = Release|Any CPU
		{5694CC33-6164-456E-95CB-C26DA1EE6D34}.Release|x64.Build.0 = Release|Any CPU
		{5694CC33-6164-456E-95CB-C26DA1EE6D34}.Release|x86.ActiveCfg = Release|Any CPU
		{5694CC33-6164-456E-95CB-C26DA1EE6D34}.Release|x86.Build.0 = Release|Any CPU
		{FAA9949E-A117-45B5-A2BE-92FA79937FEA}.Debug|Any CPU.ActiveCfg = Debug|Any CPU
		{FAA9949E-A117-45B5-A2BE-92FA79937FEA}.Debug|Any CPU.Build.0 = Debug|Any CPU
		{FAA9949E-A117-45B5-A2BE-92FA79937FEA}.Debug|x64.ActiveCfg = Debug|Any CPU
		{FAA9949E-A117-45B5-A2BE-92FA79937FEA}.Debug|x64.Build.0 = Debug|Any CPU
		{FAA9949E-A117-45B5-A2BE-92FA79937FEA}.Debug|x86.ActiveCfg = Debug|Any CPU
		{FAA9949E-A117-45B5-A2BE-92FA79937FEA}.Debug|x86.Build.0 = Debug|Any CPU
		{FAA9949E-A117-45B5-A2BE-92FA79937FEA}.Release|Any CPU.ActiveCfg = Release|Any CPU
		{FAA9949E-A117-45B5-A2BE-92FA79937FEA}.Release|Any CPU.Build.0 = Release|Any CPU
		{FAA9949E-A117-45B5-A2BE-92FA79937FEA}.Release|x64.ActiveCfg = Release|Any CPU
		{FAA9949E-A117-45B5-A2BE-92FA79937FEA}.Release|x64.Build.0 = Release|Any CPU
		{FAA9949E-A117-45B5-A2BE-92FA79937FEA}.Release|x86.ActiveCfg = Release|Any CPU
		{FAA9949E-A117-45B5-A2BE-92FA79937FEA}.Release|x86.Build.0 = Release|Any CPU
	EndGlobalSection
	GlobalSection(SolutionProperties) = preSolution
		HideSolutionNode = FALSE
	EndGlobalSection
EndGlobal
